
Microsoft Visual Studio Solution File, Format Version 12.00
# Visual Studio Version 16
VisualStudioVersion = 16.0.33423.256
MinimumVisualStudioVersion = 10.0.40219.1
Project("{FAE04EC0-301F-11D3-BF4B-00C04F79EFBC}") = "Bai_5 ChuyenNhietDo", "Bai_5 ChuyenNhietDo\Bai_5 ChuyenNhietDo.csproj", "{D758789A-F01F-4F03-B329-57C9C39317E6}"
EndProject
Global
	GlobalSection(SolutionConfigurationPlatforms) = preSolution
		Debug|Any CPU = Debug|Any CPU
		Release|Any CPU = Release|Any CPU
	EndGlobalSection
	GlobalSection(ProjectConfigurationPlatforms) = postSolution
		{D758789A-F01F-4F03-B329-57C9C39317E6}.Debug|Any CPU.ActiveCfg = Debug|Any CPU
		{D758789A-F01F-4F03-B329-57C9C39317E6}.Debug|Any CPU.Build.0 = Debug|Any CPU
		{D758789A-F01F-4F03-B329-57C9C39317E6}.Release|Any CPU.ActiveCfg = Release|Any CPU
		{D758789A-F01F-4F03-B329-57C9C39317E6}.Release|Any CPU.Build.0 = Release|Any CPU
	EndGlobalSection
	GlobalSection(SolutionProperties) = preSolution
		HideSolutionNode = FALSE
	EndGlobalSection
	GlobalSection(ExtensibilityGlobals) = postSolution
		SolutionGuid = {6EF399B5-C89E-443C-B860-DF8E64A7F5BB}
	EndGlobalSection
EndGlobal
